
Microsoft Visual Studio Solution File, Format Version 12.00
# Visual Studio Version 17
VisualStudioVersion = 17.0.31903.59
MinimumVisualStudioVersion = 10.0.40219.1
Project("{2150E333-8FDC-42A3-9474-1A3956D46DE8}") = "src", "src", "{827E0CD3-B72D-47B6-A68D-7590B98EB39B}"
EndProject
Project("{FAE04EC0-301F-11D3-BF4B-00C04F79EFBC}") = "Gesco.Desktop.Shared", "src\Gesco.Desktop.Shared\Gesco.Desktop.Shared.csproj", "{E6C313FE-E093-4D2E-9DE8-C6B4FBF8E877}"
EndProject
Project("{FAE04EC0-301F-11D3-BF4B-00C04F79EFBC}") = "Gesco.Desktop.Data", "src\Gesco.Desktop.Data\Gesco.Desktop.Data.csproj", "{7FC5FF5D-321E-4909-825C-57E8FE8D18E0}"
EndProject
Project("{FAE04EC0-301F-11D3-BF4B-00C04F79EFBC}") = "Gesco.Desktop.Core", "src\Gesco.Desktop.Core\Gesco.Desktop.Core.csproj", "{29D891F5-A6F8-46C1-BA33-827BF532A958}"
EndProject
Project("{FAE04EC0-301F-11D3-BF4B-00C04F79EFBC}") = "Gesco.Desktop.Sync", "src\Gesco.Desktop.Sync\Gesco.Desktop.Sync.csproj", "{038CA6BE-AF71-4D86-A0B5-2251C96733BB}"
EndProject
Project("{FAE04EC0-301F-11D3-BF4B-00C04F79EFBC}") = "Gesco.Desktop.API", "src\Gesco.Desktop.API\Gesco.Desktop.API.csproj", "{A4141A8D-F091-438E-88D3-CD20464909F8}"
EndProject
Project("{2150E333-8FDC-42A3-9474-1A3956D46DE8}") = "tests", "tests", "{0AB3BF05-4346-4AA6-1389-037BE0695223}"
EndProject
Project("{FAE04EC0-301F-11D3-BF4B-00C04F79EFBC}") = "Gesco.Desktop.Tests", "tests\Gesco.Desktop.Tests\Gesco.Desktop.Tests.csproj", "{4CD0EDEC-0AAD-45D7-9F69-5F499B594F9C}"
EndProject
Global
	GlobalSection(SolutionConfigurationPlatforms) = preSolution
		Debug|Any CPU = Debug|Any CPU
		Debug|x64 = Debug|x64
		Debug|x86 = Debug|x86
		Release|Any CPU = Release|Any CPU
		Release|x64 = Release|x64
		Release|x86 = Release|x86
	EndGlobalSection
	GlobalSection(ProjectConfigurationPlatforms) = postSolution
		{E6C313FE-E093-4D2E-9DE8-C6B4FBF8E877}.Debug|Any CPU.ActiveCfg = Debug|Any CPU
		{E6C313FE-E093-4D2E-9DE8-C6B4FBF8E877}.Debug|Any CPU.Build.0 = Debug|Any CPU
		{E6C313FE-E093-4D2E-9DE8-C6B4FBF8E877}.Debug|x64.ActiveCfg = Debug|Any CPU
		{E6C313FE-E093-4D2E-9DE8-C6B4FBF8E877}.Debug|x64.Build.0 = Debug|Any CPU
		{E6C313FE-E093-4D2E-9DE8-C6B4FBF8E877}.Debug|x86.ActiveCfg = Debug|Any CPU
		{E6C313FE-E093-4D2E-9DE8-C6B4FBF8E877}.Debug|x86.Build.0 = Debug|Any CPU
		{E6C313FE-E093-4D2E-9DE8-C6B4FBF8E877}.Release|Any CPU.ActiveCfg = Release|Any CPU
		{E6C313FE-E093-4D2E-9DE8-C6B4FBF8E877}.Release|Any CPU.Build.0 = Release|Any CPU
		{E6C313FE-E093-4D2E-9DE8-C6B4FBF8E877}.Release|x64.ActiveCfg = Release|Any CPU
		{E6C313FE-E093-4D2E-9DE8-C6B4FBF8E877}.Release|x64.Build.0 = Release|Any CPU
		{E6C313FE-E093-4D2E-9DE8-C6B4FBF8E877}.Release|x86.ActiveCfg = Release|Any CPU
		{E6C313FE-E093-4D2E-9DE8-C6B4FBF8E877}.Release|x86.Build.0 = Release|Any CPU
		{7FC5FF5D-321E-4909-825C-57E8FE8D18E0}.Debug|Any CPU.ActiveCfg = Debug|Any CPU
		{7FC5FF5D-321E-4909-825C-57E8FE8D18E0}.Debug|Any CPU.Build.0 = Debug|Any CPU
		{7FC5FF5D-321E-4909-825C-57E8FE8D18E0}.Debug|x64.ActiveCfg = Debug|Any CPU
		{7FC5FF5D-321E-4909-825C-57E8FE8D18E0}.Debug|x64.Build.0 = Debug|Any CPU
		{7FC5FF5D-321E-4909-825C-57E8FE8D18E0}.Debug|x86.ActiveCfg = Debug|Any CPU
		{7FC5FF5D-321E-4909-825C-57E8FE8D18E0}.Debug|x86.Build.0 = Debug|Any CPU
		{7FC5FF5D-321E-4909-825C-57E8FE8D18E0}.Release|Any CPU.ActiveCfg = Release|Any CPU
		{7FC5FF5D-321E-4909-825C-57E8FE8D18E0}.Release|Any CPU.Build.0 = Release|Any CPU
		{7FC5FF5D-321E-4909-825C-57E8FE8D18E0}.Release|x64.ActiveCfg = Release|Any CPU
		{7FC5FF5D-321E-4909-825C-57E8FE8D18E0}.Release|x64.Build.0 = Release|Any CPU
		{7FC5FF5D-321E-4909-825C-57E8FE8D18E0}.Release|x86.ActiveCfg = Release|Any CPU
		{7FC5FF5D-321E-4909-825C-57E8FE8D18E0}.Release|x86.Build.0 = Release|Any CPU
		{29D891F5-A6F8-46C1-BA33-827BF532A958}.Debug|Any CPU.ActiveCfg = Debug|Any CPU
		{29D891F5-A6F8-46C1-BA33-827BF532A958}.Debug|Any CPU.Build.0 = Debug|Any CPU
		{29D891F5-A6F8-46C1-BA33-827BF532A958}.Debug|x64.ActiveCfg = Debug|Any CPU
		{29D891F5-A6F8-46C1-BA33-827BF532A958}.Debug|x64.Build.0 = Debug|Any CPU
		{29D891F5-A6F8-46C1-BA33-827BF532A958}.Debug|x86.ActiveCfg = Debug|Any CPU
		{29D891F5-A6F8-46C1-BA33-827BF532A958}.Debug|x86.Build.0 = Debug|Any CPU
		{29D891F5-A6F8-46C1-BA33-827BF532A958}.Release|Any CPU.ActiveCfg = Release|Any CPU
		{29D891F5-A6F8-46C1-BA33-827BF532A958}.Release|Any CPU.Build.0 = Release|Any CPU
		{29D891F5-A6F8-46C1-BA33-827BF532A958}.Release|x64.ActiveCfg = Release|Any CPU
		{29D891F5-A6F8-46C1-BA33-827BF532A958}.Release|x64.Build.0 = Release|Any CPU
		{29D891F5-A6F8-46C1-BA33-827BF532A958}.Release|x86.ActiveCfg = Release|Any CPU
		{29D891F5-A6F8-46C1-BA33-827BF532A958}.Release|x86.Build.0 = Release|Any CPU
		{038CA6BE-AF71-4D86-A0B5-2251C96733BB}.Debug|Any CPU.ActiveCfg = Debug|Any CPU
		{038CA6BE-AF71-4D86-A0B5-2251C96733BB}.Debug|Any CPU.Build.0 = Debug|Any CPU
		{038CA6BE-AF71-4D86-A0B5-2251C96733BB}.Debug|x64.ActiveCfg = Debug|Any CPU
		{038CA6BE-AF71-4D86-A0B5-2251C96733BB}.Debug|x64.Build.0 = Debug|Any CPU
		{038CA6BE-AF71-4D86-A0B5-2251C96733BB}.Debug|x86.ActiveCfg = Debug|Any CPU
		{038CA6BE-AF71-4D86-A0B5-2251C96733BB}.Debug|x86.Build.0 = Debug|Any CPU
		{038CA6BE-AF71-4D86-A0B5-2251C96733BB}.Release|Any CPU.ActiveCfg = Release|Any CPU
		{038CA6BE-AF71-4D86-A0B5-2251C96733BB}.Release|Any CPU.Build.0 = Release|Any CPU
		{038CA6BE-AF71-4D86-A0B5-2251C96733BB}.Release|x64.ActiveCfg = Release|Any CPU
		{038CA6BE-AF71-4D86-A0B5-2251C96733BB}.Release|x64.Build.0 = Release|Any CPU
		{038CA6BE-AF71-4D86-A0B5-2251C96733BB}.Release|x86.ActiveCfg = Release|Any CPU
		{038CA6BE-AF71-4D86-A0B5-2251C96733BB}.Release|x86.Build.0 = Release|Any CPU
		{A4141A8D-F091-438E-88D3-CD20464909F8}.Debug|Any CPU.ActiveCfg = Debug|Any CPU
		{A4141A8D-F091-438E-88D3-CD20464909F8}.Debug|Any CPU.Build.0 = Debug|Any CPU
		{A4141A8D-F091-438E-88D3-CD20464909F8}.Debug|x64.ActiveCfg = Debug|Any CPU
		{A4141A8D-F091-438E-88D3-CD20464909F8}.Debug|x64.Build.0 = Debug|Any CPU
		{A4141A8D-F091-438E-88D3-CD20464909F8}.Debug|x86.ActiveCfg = Debug|Any CPU
		{A4141A8D-F091-438E-88D3-CD20464909F8}.Debug|x86.Build.0 = Debug|Any CPU
		{A4141A8D-F091-438E-88D3-CD20464909F8}.Release|Any CPU.ActiveCfg = Release|Any CPU
		{A4141A8D-F091-438E-88D3-CD20464909F8}.Release|Any CPU.Build.0 = Release|Any CPU
		{A4141A8D-F091-438E-88D3-CD20464909F8}.Release|x64.ActiveCfg = Release|Any CPU
		{A4141A8D-F091-438E-88D3-CD20464909F8}.Release|x64.Build.0 = Release|Any CPU
		{A4141A8D-F091-438E-88D3-CD20464909F8}.Release|x86.ActiveCfg = Release|Any CPU
		{A4141A8D-F091-438E-88D3-CD20464909F8}.Release|x86.Build.0 = Release|Any CPU
		{4CD0EDEC-0AAD-45D7-9F69-5F499B594F9C}.Debug|Any CPU.ActiveCfg = Debug|Any CPU
		{4CD0EDEC-0AAD-45D7-9F69-5F499B594F9C}.Debug|Any CPU.Build.0 = Debug|Any CPU
		{4CD0EDEC-0AAD-45D7-9F69-5F499B594F9C}.Debug|x64.ActiveCfg = Debug|Any CPU
		{4CD0EDEC-0AAD-45D7-9F69-5F499B594F9C}.Debug|x64.Build.0 = Debug|Any CPU
		{4CD0EDEC-0AAD-45D7-9F69-5F499B594F9C}.Debug|x86.ActiveCfg = Debug|Any CPU
		{4CD0EDEC-0AAD-45D7-9F69-5F499B594F9C}.Debug|x86.Build.0 = Debug|Any CPU
		{4CD0EDEC-0AAD-45D7-9F69-5F499B594F9C}.Release|Any CPU.ActiveCfg = Release|Any CPU
		{4CD0EDEC-0AAD-45D7-9F69-5F499B594F9C}.Release|Any CPU.Build.0 = Release|Any CPU
		{4CD0EDEC-0AAD-45D7-9F69-5F499B594F9C}.Release|x64.ActiveCfg = Release|Any CPU
		{4CD0EDEC-0AAD-45D7-9F69-5F499B594F9C}.Release|x64.Build.0 = Release|Any CPU
		{4CD0EDEC-0AAD-45D7-9F69-5F499B594F9C}.Release|x86.ActiveCfg = Release|Any CPU
		{4CD0EDEC-0AAD-45D7-9F69-5F499B594F9C}.Release|x86.Build.0 = Release|Any CPU
	EndGlobalSection
	GlobalSection(SolutionProperties) = preSolution
		HideSolutionNode = FALSE
	EndGlobalSection
	GlobalSection(NestedProjects) = preSolution
		{E6C313FE-E093-4D2E-9DE8-C6B4FBF8E877} = {827E0CD3-B72D-47B6-A68D-7590B98EB39B}
		{7FC5FF5D-321E-4909-825C-57E8FE8D18E0} = {827E0CD3-B72D-47B6-A68D-7590B98EB39B}
		{29D891F5-A6F8-46C1-BA33-827BF532A958} = {827E0CD3-B72D-47B6-A68D-7590B98EB39B}
		{038CA6BE-AF71-4D86-A0B5-2251C96733BB} = {827E0CD3-B72D-47B6-A68D-7590B98EB39B}
		{A4141A8D-F091-438E-88D3-CD20464909F8} = {827E0CD3-B72D-47B6-A68D-7590B98EB39B}
		{4CD0EDEC-0AAD-45D7-9F69-5F499B594F9C} = {0AB3BF05-4346-4AA6-1389-037BE0695223}
	EndGlobalSection
EndGlobal
